// !$*UTF8*$!
{
	archiveVersion = 1;
	classes = {
	};
	objectVersion = 77;
	objects = {

/* Begin PBXBuildFile section */
		962ED3182CD2034900A9A0BD /* RealityKitContent in Frameworks */ = {isa = PBXBuildFile; productRef = 962ED3172CD2034900A9A0BD /* RealityKitContent */; };
/* End PBXBuildFile section */

/* Begin PBXContainerItemProxy section */
		962ED3282CD2034900A9A0BD /* PBXContainerItemProxy */ = {
			isa = PBXContainerItemProxy;
			containerPortal = 962ED30A2CD2034900A9A0BD /* Project object */;
			proxyType = 1;
			remoteGlobalIDString = 962ED3112CD2034900A9A0BD;
			remoteInfo = testfileDoubleTapGesture;
		};
/* End PBXContainerItemProxy section */

/* Begin PBXFileReference section */
		962ED3122CD2034900A9A0BD /* testfileDoubleTapGesture.app */ = {isa = PBXFileReference; explicitFileType = wrapper.application; includeInIndex = 0; path = testfileDoubleTapGesture.app; sourceTree = BUILT_PRODUCTS_DIR; };
		962ED3162CD2034900A9A0BD /* RealityKitContent */ = {isa = PBXFileReference; lastKnownFileType = wrapper; path = RealityKitContent; sourceTree = "<group>"; };
		962ED3272CD2034900A9A0BD /* testfileDoubleTapGestureTests.xctest */ = {isa = PBXFileReference; explicitFileType = wrapper.cfbundle; includeInIndex = 0; path = testfileDoubleTapGestureTests.xctest; sourceTree = BUILT_PRODUCTS_DIR; };
/* End PBXFileReference section */

/* Begin PBXFileSystemSynchronizedBuildFileExceptionSet section */
		962ED32D2CD2034900A9A0BD /* Exceptions for "testfileDoubleTapGesture" folder in "testfileDoubleTapGesture" target */ = {
			isa = PBXFileSystemSynchronizedBuildFileExceptionSet;
			membershipExceptions = (
				Info.plist,
			);
			target = 962ED3112CD2034900A9A0BD /* testfileDoubleTapGesture */;
		};
/* End PBXFileSystemSynchronizedBuildFileExceptionSet section */

/* Begin PBXFileSystemSynchronizedRootGroup section */
		962ED3142CD2034900A9A0BD /* testfileDoubleTapGesture */ = {
			isa = PBXFileSystemSynchronizedRootGroup;
			exceptions = (
				962ED32D2CD2034900A9A0BD /* Exceptions for "testfileDoubleTapGesture" folder in "testfileDoubleTapGesture" target */,
			);
			path = testfileDoubleTapGesture;
			sourceTree = "<group>";
		};
		962ED32A2CD2034900A9A0BD /* testfileDoubleTapGestureTests */ = {
			isa = PBXFileSystemSynchronizedRootGroup;
			path = testfileDoubleTapGestureTests;
			sourceTree = "<group>";
		};
/* End PBXFileSystemSynchronizedRootGroup section */

/* Begin PBXFrameworksBuildPhase section */
		962ED30F2CD2034900A9A0BD /* Frameworks */ = {
			isa = PBXFrameworksBuildPhase;
			buildActionMask = 2147483647;
			files = (
				962ED3182CD2034900A9A0BD /* RealityKitContent in Frameworks */,
			);
			runOnlyForDeploymentPostprocessing = 0;
		};
		962ED3242CD2034900A9A0BD /* Frameworks */ = {
			isa = PBXFrameworksBuildPhase;
			buildActionMask = 2147483647;
			files = (
			);
			runOnlyForDeploymentPostprocessing = 0;
		};
/* End PBXFrameworksBuildPhase section */

/* Begin PBXGroup section */
		962ED3092CD2034900A9A0BD = {
			isa = PBXGroup;
			children = (
				962ED3142CD2034900A9A0BD /* testfileDoubleTapGesture */,
				962ED3152CD2034900A9A0BD /* Packages */,
				962ED32A2CD2034900A9A0BD /* testfileDoubleTapGestureTests */,
				962ED3132CD2034900A9A0BD /* Products */,
			);
			sourceTree = "<group>";
		};
		962ED3132CD2034900A9A0BD /* Products */ = {
			isa = PBXGroup;
			children = (
				962ED3122CD2034900A9A0BD /* testfileDoubleTapGesture.app */,
				962ED3272CD2034900A9A0BD /* testfileDoubleTapGestureTests.xctest */,
			);
			name = Products;
			sourceTree = "<group>";
		};
		962ED3152CD2034900A9A0BD /* Packages */ = {
			isa = PBXGroup;
			children = (
				962ED3162CD2034900A9A0BD /* RealityKitContent */,
			);
			path = Packages;
			sourceTree = "<group>";
		};
/* End PBXGroup section */

/* Begin PBXNativeTarget section */
		962ED3112CD2034900A9A0BD /* testfileDoubleTapGesture */ = {
			isa = PBXNativeTarget;
			buildConfigurationList = 962ED32E2CD2034900A9A0BD /* Build configuration list for PBXNativeTarget "testfileDoubleTapGesture" */;
			buildPhases = (
				962ED30E2CD2034900A9A0BD /* Sources */,
				962ED30F2CD2034900A9A0BD /* Frameworks */,
				962ED3102CD2034900A9A0BD /* Resources */,
			);
			buildRules = (
			);
			dependencies = (
			);
			fileSystemSynchronizedGroups = (
				962ED3142CD2034900A9A0BD /* testfileDoubleTapGesture */,
			);
			name = testfileDoubleTapGesture;
			packageProductDependencies = (
				962ED3172CD2034900A9A0BD /* RealityKitContent */,
			);
			productName = testfileDoubleTapGesture;
			productReference = 962ED3122CD2034900A9A0BD /* testfileDoubleTapGesture.app */;
			productType = "com.apple.product-type.application";
		};
		962ED3262CD2034900A9A0BD /* testfileDoubleTapGestureTests */ = {
			isa = PBXNativeTarget;
			buildConfigurationList = 962ED3332CD2034900A9A0BD /* Build configuration list for PBXNativeTarget "testfileDoubleTapGestureTests" */;
			buildPhases = (
				962ED3232CD2034900A9A0BD /* Sources */,
				962ED3242CD2034900A9A0BD /* Frameworks */,
				962ED3252CD2034900A9A0BD /* Resources */,
			);
			buildRules = (
			);
			dependencies = (
				962ED3292CD2034900A9A0BD /* PBXTargetDependency */,
			);
			fileSystemSynchronizedGroups = (
				962ED32A2CD2034900A9A0BD /* testfileDoubleTapGestureTests */,
			);
			name = testfileDoubleTapGestureTests;
			packageProductDependencies = (
			);
			productName = testfileDoubleTapGestureTests;
			productReference = 962ED3272CD2034900A9A0BD /* testfileDoubleTapGestureTests.xctest */;
			productType = "com.apple.product-type.bundle.unit-test";
		};
/* End PBXNativeTarget section */

/* Begin PBXProject section */
		962ED30A2CD2034900A9A0BD /* Project object */ = {
			isa = PBXProject;
			attributes = {
				BuildIndependentTargetsInParallel = 1;
				LastSwiftUpdateCheck = 1600;
				LastUpgradeCheck = 1600;
				TargetAttributes = {
					962ED3112CD2034900A9A0BD = {
						CreatedOnToolsVersion = 16.0;
					};
					962ED3262CD2034900A9A0BD = {
						CreatedOnToolsVersion = 16.0;
						TestTargetID = 962ED3112CD2034900A9A0BD;
					};
				};
			};
			buildConfigurationList = 962ED30D2CD2034900A9A0BD /* Build configuration list for PBXProject "testfileDoubleTapGesture" */;
			developmentRegion = en;
			hasScannedForEncodings = 0;
			knownRegions = (
				en,
				Base,
			);
			mainGroup = 962ED3092CD2034900A9A0BD;
			minimizedProjectReferenceProxies = 1;
			preferredProjectObjectVersion = 77;
			productRefGroup = 962ED3132CD2034900A9A0BD /* Products */;
			projectDirPath = "";
			projectRoot = "";
			targets = (
				962ED3112CD2034900A9A0BD /* testfileDoubleTapGesture */,
				962ED3262CD2034900A9A0BD /* testfileDoubleTapGestureTests */,
			);
		};
/* End PBXProject section */

/* Begin PBXResourcesBuildPhase section */
		962ED3102CD2034900A9A0BD /* Resources */ = {
			isa = PBXResourcesBuildPhase;
			buildActionMask = 2147483647;
			files = (
			);
			runOnlyForDeploymentPostprocessing = 0;
		};
		962ED3252CD2034900A9A0BD /* Resources */ = {
			isa = PBXResourcesBuildPhase;
			buildActionMask = 2147483647;
			files = (
			);
			runOnlyForDeploymentPostprocessing = 0;
		};
/* End PBXResourcesBuildPhase section */

/* Begin PBXSourcesBuildPhase section */
		962ED30E2CD2034900A9A0BD /* Sources */ = {
			isa = PBXSourcesBuildPhase;
			buildActionMask = 2147483647;
			files = (
			);
			runOnlyForDeploymentPostprocessing = 0;
		};
		962ED3232CD2034900A9A0BD /* Sources */ = {
			isa = PBXSourcesBuildPhase;
			buildActionMask = 2147483647;
			files = (
			);
			runOnlyForDeploymentPostprocessing = 0;
		};
/* End PBXSourcesBuildPhase section */

/* Begin PBXTargetDependency section */
		962ED3292CD2034900A9A0BD /* PBXTargetDependency */ = {
			isa = PBXTargetDependency;
			target = 962ED3112CD2034900A9A0BD /* testfileDoubleTapGesture */;
			targetProxy = 962ED3282CD2034900A9A0BD /* PBXContainerItemProxy */;
		};
/* End PBXTargetDependency section */

/* Begin XCBuildConfiguration section */
		962ED32F2CD2034900A9A0BD /* Debug */ = {
			isa = XCBuildConfiguration;
			buildSettings = {
				ASSETCATALOG_COMPILER_APPICON_NAME = AppIcon;
				ASSETCATALOG_COMPILER_GLOBAL_ACCENT_COLOR_NAME = AccentColor;
				CODE_SIGN_STYLE = Automatic;
				CURRENT_PROJECT_VERSION = 1;
				DEVELOPMENT_ASSET_PATHS = "\"testfileDoubleTapGesture/Preview Content\"";
				DEVELOPMENT_TEAM = A29JP7W76C;
				ENABLE_PREVIEWS = YES;
				GENERATE_INFOPLIST_FILE = YES;
				INFOPLIST_FILE = "$(TARGET_NAME)/Info.plist";
				LD_RUNPATH_SEARCH_PATHS = (
					"$(inherited)",
					"@executable_path/Frameworks",
				);
				MARKETING_VERSION = 1.0;
				PRODUCT_BUNDLE_IDENTIFIER = DemonSoPsy.testfileDoubleTapGesture;
				PRODUCT_NAME = "$(TARGET_NAME)";
				SUPPORTED_PLATFORMS = "xros xrsimulator";
				SWIFT_EMIT_LOC_STRINGS = YES;
				SWIFT_VERSION = 5.0;
				TARGETED_DEVICE_FAMILY = 7;
			};
			name = Debug;
		};
		962ED3302CD2034900A9A0BD /* Release */ = {
			isa = XCBuildConfiguration;
			buildSettings = {
				ASSETCATALOG_COMPILER_APPICON_NAME = AppIcon;
				ASSETCATALOG_COMPILER_GLOBAL_ACCENT_COLOR_NAME = AccentColor;
				CODE_SIGN_STYLE = Automatic;
				CURRENT_PROJECT_VERSION = 1;
				DEVELOPMENT_ASSET_PATHS = "\"testfileDoubleTapGesture/Preview Content\"";
				DEVELOPMENT_TEAM = A29JP7W76C;
				ENABLE_PREVIEWS = YES;
				GENERATE_INFOPLIST_FILE = YES;
				INFOPLIST_FILE = "$(TARGET_NAME)/Info.plist";
				LD_RUNPATH_SEARCH_PATHS = (
					"$(inherited)",
					"@executable_path/Frameworks",
				);
				MARKETING_VERSION = 1.0;
				PRODUCT_BUNDLE_IDENTIFIER = DemonSoPsy.testfileDoubleTapGesture;
				PRODUCT_NAME = "$(TARGET_NAME)";
				SUPPORTED_PLATFORMS = "xros xrsimulator";
				SWIFT_EMIT_LOC_STRINGS = YES;
				SWIFT_VERSION = 5.0;
				TARGETED_DEVICE_FAMILY = 7;
			};
			name = Release;
		};
		962ED3312CD2034900A9A0BD /* Debug */ = {
			isa = XCBuildConfiguration;
			buildSettings = {
				ALWAYS_SEARCH_USER_PATHS = NO;
				ASSETCATALOG_COMPILER_GENERATE_SWIFT_ASSET_SYMBOL_EXTENSIONS = YES;
				CLANG_ANALYZER_NONNULL = YES;
				CLANG_ANALYZER_NUMBER_OBJECT_CONVERSION = YES_AGGRESSIVE;
				CLANG_CXX_LANGUAGE_STANDARD = "gnu++20";
				CLANG_ENABLE_MODULES = YES;
				CLANG_ENABLE_OBJC_ARC = YES;
				CLANG_ENABLE_OBJC_WEAK = YES;
				CLANG_WARN_BLOCK_CAPTURE_AUTORELEASING = YES;
				CLANG_WARN_BOOL_CONVERSION = YES;
				CLANG_WARN_COMMA = YES;
				CLANG_WARN_CONSTANT_CONVERSION = YES;
				CLANG_WARN_DEPRECATED_OBJC_IMPLEMENTATIONS = YES;
				CLANG_WARN_DIRECT_OBJC_ISA_USAGE = YES_ERROR;
				CLANG_WARN_DOCUMENTATION_COMMENTS = YES;
				CLANG_WARN_EMPTY_BODY = YES;
				CLANG_WARN_ENUM_CONVERSION = YES;
				CLANG_WARN_INFINITE_RECURSION = YES;
				CLANG_WARN_INT_CONVERSION = YES;
				CLANG_WARN_NON_LITERAL_NULL_CONVERSION = YES;
				CLANG_WARN_OBJC_IMPLICIT_RETAIN_SELF = YES;
				CLANG_WARN_OBJC_LITERAL_CONVERSION = YES;
				CLANG_WARN_OBJC_ROOT_CLASS = YES_ERROR;
				CLANG_WARN_QUOTED_INCLUDE_IN_FRAMEWORK_HEADER = YES;
				CLANG_WARN_RANGE_LOOP_ANALYSIS = YES;
				CLANG_WARN_STRICT_PROTOTYPES = YES;
				CLANG_WARN_SUSPICIOUS_MOVE = YES;
				CLANG_WARN_UNGUARDED_AVAILABILITY = YES_AGGRESSIVE;
				CLANG_WARN_UNREACHABLE_CODE = YES;
				CLANG_WARN__DUPLICATE_METHOD_MATCH = YES;
				COPY_PHASE_STRIP = NO;
				DEBUG_INFORMATION_FORMAT = dwarf;
				ENABLE_STRICT_OBJC_MSGSEND = YES;
				ENABLE_TESTABILITY = YES;
				ENABLE_USER_SCRIPT_SANDBOXING = YES;
				GCC_C_LANGUAGE_STANDARD = gnu17;
				GCC_DYNAMIC_NO_PIC = NO;
				GCC_NO_COMMON_BLOCKS = YES;
				GCC_OPTIMIZATION_LEVEL = 0;
				GCC_PREPROCESSOR_DEFINITIONS = (
					"DEBUG=1",
					"$(inherited)",
				);
				GCC_WARN_64_TO_32_BIT_CONVERSION = YES;
				GCC_WARN_ABOUT_RETURN_TYPE = YES_ERROR;
				GCC_WARN_UNDECLARED_SELECTOR = YES;
				GCC_WARN_UNINITIALIZED_AUTOS = YES_AGGRESSIVE;
				GCC_WARN_UNUSED_FUNCTION = YES;
				GCC_WARN_UNUSED_VARIABLE = YES;
				LOCALIZATION_PREFERS_STRING_CATALOGS = YES;
				MTL_ENABLE_DEBUG_INFO = INCLUDE_SOURCE;
				MTL_FAST_MATH = YES;
				ONLY_ACTIVE_ARCH = YES;
				SDKROOT = xros;
				SWIFT_ACTIVE_COMPILATION_CONDITIONS = "DEBUG $(inherited)";
				SWIFT_OPTIMIZATION_LEVEL = "-Onone";
				XROS_DEPLOYMENT_TARGET = 2.0;
			};
			name = Debug;
		};
		962ED3322CD2034900A9A0BD /* Release */ = {
			isa = XCBuildConfiguration;
			buildSettings = {
				ALWAYS_SEARCH_USER_PATHS = NO;
				ASSETCATALOG_COMPILER_GENERATE_SWIFT_ASSET_SYMBOL_EXTENSIONS = YES;
				CLANG_ANALYZER_NONNULL = YES;
				CLANG_ANALYZER_NUMBER_OBJECT_CONVERSION = YES_AGGRESSIVE;
				CLANG_CXX_LANGUAGE_STANDARD = "gnu++20";
				CLANG_ENABLE_MODULES = YES;
				CLANG_ENABLE_OBJC_ARC = YES;
				CLANG_ENABLE_OBJC_WEAK = YES;
				CLANG_WARN_BLOCK_CAPTURE_AUTORELEASING = YES;
				CLANG_WARN_BOOL_CONVERSION = YES;
				CLANG_WARN_COMMA = YES;
				CLANG_WARN_CONSTANT_CONVERSION = YES;
				CLANG_WARN_DEPRECATED_OBJC_IMPLEMENTATIONS = YES;
				CLANG_WARN_DIRECT_OBJC_ISA_USAGE = YES_ERROR;
				CLANG_WARN_DOCUMENTATION_COMMENTS = YES;
				CLANG_WARN_EMPTY_BODY = YES;
				CLANG_WARN_ENUM_CONVERSION = YES;
				CLANG_WARN_INFINITE_RECURSION = YES;
				CLANG_WARN_INT_CONVERSION = YES;
				CLANG_WARN_NON_LITERAL_NULL_CONVERSION = YES;
				CLANG_WARN_OBJC_IMPLICIT_RETAIN_SELF = YES;
				CLANG_WARN_OBJC_LITERAL_CONVERSION = YES;
				CLANG_WARN_OBJC_ROOT_CLASS = YES_ERROR;
				CLANG_WARN_QUOTED_INCLUDE_IN_FRAMEWORK_HEADER = YES;
				CLANG_WARN_RANGE_LOOP_ANALYSIS = YES;
				CLANG_WARN_STRICT_PROTOTYPES = YES;
				CLANG_WARN_SUSPICIOUS_MOVE = YES;
				CLANG_WARN_UNGUARDED_AVAILABILITY = YES_AGGRESSIVE;
				CLANG_WARN_UNREACHABLE_CODE = YES;
				CLANG_WARN__DUPLICATE_METHOD_MATCH = YES;
				COPY_PHASE_STRIP = NO;
				DEBUG_INFORMATION_FORMAT = "dwarf-with-dsym";
				ENABLE_NS_ASSERTIONS = NO;
				ENABLE_STRICT_OBJC_MSGSEND = YES;
				ENABLE_USER_SCRIPT_SANDBOXING = YES;
				GCC_C_LANGUAGE_STANDARD = gnu17;
				GCC_NO_COMMON_BLOCKS = YES;
				GCC_WARN_64_TO_32_BIT_CONVERSION = YES;
				GCC_WARN_ABOUT_RETURN_TYPE = YES_ERROR;
				GCC_WARN_UNDECLARED_SELECTOR = YES;
				GCC_WARN_UNINITIALIZED_AUTOS = YES_AGGRESSIVE;
				GCC_WARN_UNUSED_FUNCTION = YES;
				GCC_WARN_UNUSED_VARIABLE = YES;
				LOCALIZATION_PREFERS_STRING_CATALOGS = YES;
				MTL_ENABLE_DEBUG_INFO = NO;
				MTL_FAST_MATH = YES;
				SDKROOT = xros;
				SWIFT_COMPILATION_MODE = wholemodule;
				VALIDATE_PRODUCT = YES;
				XROS_DEPLOYMENT_TARGET = 2.0;
			};
			name = Release;
		};
		962ED3342CD2034900A9A0BD /* Debug */ = {
			isa = XCBuildConfiguration;
			buildSettings = {
				BUNDLE_LOADER = "$(TEST_HOST)";
				CODE_SIGN_STYLE = Automatic;
				CURRENT_PROJECT_VERSION = 1;
				DEVELOPMENT_TEAM = A29JP7W76C;
				GENERATE_INFOPLIST_FILE = YES;
				MARKETING_VERSION = 1.0;
				PRODUCT_BUNDLE_IDENTIFIER = DemonSoPsy.testfileDoubleTapGestureTests;
				PRODUCT_NAME = "$(TARGET_NAME)";
				SUPPORTED_PLATFORMS = "xros xrsimulator";
				SWIFT_EMIT_LOC_STRINGS = NO;
				SWIFT_VERSION = 5.0;
				TARGETED_DEVICE_FAMILY = 7;
				TEST_HOST = "$(BUILT_PRODUCTS_DIR)/testfileDoubleTapGesture.app/$(BUNDLE_EXECUTABLE_FOLDER_PATH)/testfileDoubleTapGesture";
				XROS_DEPLOYMENT_TARGET = 2.0;
			};
			name = Debug;
		};
		962ED3352CD2034900A9A0BD /* Release */ = {
			isa = XCBuildConfiguration;
			buildSettings = {
				BUNDLE_LOADER = "$(TEST_HOST)";
				CODE_SIGN_STYLE = Automatic;
				CURRENT_PROJECT_VERSION = 1;
				DEVELOPMENT_TEAM = A29JP7W76C;
				GENERATE_INFOPLIST_FILE = YES;
				MARKETING_VERSION = 1.0;
				PRODUCT_BUNDLE_IDENTIFIER = DemonSoPsy.testfileDoubleTapGestureTests;
				PRODUCT_NAME = "$(TARGET_NAME)";
				SUPPORTED_PLATFORMS = "xros xrsimulator";
				SWIFT_EMIT_LOC_STRINGS = NO;
				SWIFT_VERSION = 5.0;
				TARGETED_DEVICE_FAMILY = 7;
				TEST_HOST = "$(BUILT_PRODUCTS_DIR)/testfileDoubleTapGesture.app/$(BUNDLE_EXECUTABLE_FOLDER_PATH)/testfileDoubleTapGesture";
				XROS_DEPLOYMENT_TARGET = 2.0;
			};
			name = Release;
		};
/* End XCBuildConfiguration section */

/* Begin XCConfigurationList section */
		962ED30D2CD2034900A9A0BD /* Build configuration list for PBXProject "testfileDoubleTapGesture" */ = {
			isa = XCConfigurationList;
			buildConfigurations = (
				962ED3312CD2034900A9A0BD /* Debug */,
				962ED3322CD2034900A9A0BD /* Release */,
			);
			defaultConfigurationIsVisible = 0;
			defaultConfigurationName = Release;
		};
		962ED32E2CD2034900A9A0BD /* Build configuration list for PBXNativeTarget "testfileDoubleTapGesture" */ = {
			isa = XCConfigurationList;
			buildConfigurations = (
				962ED32F2CD2034900A9A0BD /* Debug */,
				962ED3302CD2034900A9A0BD /* Release */,
			);
			defaultConfigurationIsVisible = 0;
			defaultConfigurationName = Release;
		};
		962ED3332CD2034900A9A0BD /* Build configuration list for PBXNativeTarget "testfileDoubleTapGestureTests" */ = {
			isa = XCConfigurationList;
			buildConfigurations = (
				962ED3342CD2034900A9A0BD /* Debug */,
				962ED3352CD2034900A9A0BD /* Release */,
			);
			defaultConfigurationIsVisible = 0;
			defaultConfigurationName = Release;
		};
/* End XCConfigurationList section */

/* Begin XCSwiftPackageProductDependency section */
		962ED3172CD2034900A9A0BD /* RealityKitContent */ = {
			isa = XCSwiftPackageProductDependency;
			productName = RealityKitContent;
		};
/* End XCSwiftPackageProductDependency section */
	};
	rootObject = 962ED30A2CD2034900A9A0BD /* Project object */;
}
